
Microsoft Visual Studio Solution File, Format Version 12.00
# Visual Studio 15
VisualStudioVersion = 15.0.27703.1
MinimumVisualStudioVersion = 10.0.40219.1
Project("{FAE04EC0-301F-11D3-BF4B-00C04F79EFBC}") = "MemoryManagement", "MemoryManagement\MemoryManagement.csproj", "{980D4808-C108-4C9F-A32D-34FE58D29E76}"
EndProject
Global
	GlobalSection(SolutionConfigurationPlatforms) = preSolution
		Debug|Any CPU = Debug|Any CPU
		Release|Any CPU = Release|Any CPU
	EndGlobalSection
	GlobalSection(ProjectConfigurationPlatforms) = postSolution
		{980D4808-C108-4C9F-A32D-34FE58D29E76}.Debug|Any CPU.ActiveCfg = Debug|Any CPU
		{980D4808-C108-4C9F-A32D-34FE58D29E76}.Debug|Any CPU.Build.0 = Debug|Any CPU
		{980D4808-C108-4C9F-A32D-34FE58D29E76}.Release|Any CPU.ActiveCfg = Release|Any CPU
		{980D4808-C108-4C9F-A32D-34FE58D29E76}.Release|Any CPU.Build.0 = Release|Any CPU
	EndGlobalSection
	GlobalSection(SolutionProperties) = preSolution
		HideSolutionNode = FALSE
	EndGlobalSection
	GlobalSection(ExtensibilityGlobals) = postSolution
		SolutionGuid = {BE3C0D9A-E867-483B-825D-A401F05ABF1E}
	EndGlobalSection
EndGlobal
